
Microsoft Visual Studio Solution File, Format Version 12.00
# Visual Studio Version 16
VisualStudioVersion = 16.0.29911.84
MinimumVisualStudioVersion = 10.0.40219.1
Project("{FAE04EC0-301F-11D3-BF4B-00C04F79EFBC}") = "computer technical support program", "computer technical support program\computer technical support program.csproj", "{1DDCEFBD-BF16-4522-9172-916109A0BFBD}"
EndProject
Global
	GlobalSection(SolutionConfigurationPlatforms) = preSolution
		Debug|Any CPU = Debug|Any CPU
		Release|Any CPU = Release|Any CPU
	EndGlobalSection
	GlobalSection(ProjectConfigurationPlatforms) = postSolution
		{1DDCEFBD-BF16-4522-9172-916109A0BFBD}.Debug|Any CPU.ActiveCfg = Debug|Any CPU
		{1DDCEFBD-BF16-4522-9172-916109A0BFBD}.Debug|Any CPU.Build.0 = Debug|Any CPU
		{1DDCEFBD-BF16-4522-9172-916109A0BFBD}.Release|Any CPU.ActiveCfg = Release|Any CPU
		{1DDCEFBD-BF16-4522-9172-916109A0BFBD}.Release|Any CPU.Build.0 = Release|Any CPU
	EndGlobalSection
	GlobalSection(SolutionProperties) = preSolution
		HideSolutionNode = FALSE
	EndGlobalSection
	GlobalSection(ExtensibilityGlobals) = postSolution
		SolutionGuid = {96E99DFF-B47C-4AAD-9D96-A64A6C128A39}
	EndGlobalSection
EndGlobal
