
Microsoft Visual Studio Solution File, Format Version 12.00
# Visual Studio Version 16
VisualStudioVersion = 16.0.29911.84
MinimumVisualStudioVersion = 10.0.40219.1
Project("{FAE04EC0-301F-11D3-BF4B-00C04F79EFBC}") = "compound interest investment version 1", "compound interest investment version 1\compound interest investment version 1.csproj", "{ABB95200-0A4B-4DF9-AFD1-EFE024A76097}"
EndProject
Global
	GlobalSection(SolutionConfigurationPlatforms) = preSolution
		Debug|Any CPU = Debug|Any CPU
		Release|Any CPU = Release|Any CPU
	EndGlobalSection
	GlobalSection(ProjectConfigurationPlatforms) = postSolution
		{ABB95200-0A4B-4DF9-AFD1-EFE024A76097}.Debug|Any CPU.ActiveCfg = Debug|Any CPU
		{ABB95200-0A4B-4DF9-AFD1-EFE024A76097}.Debug|Any CPU.Build.0 = Debug|Any CPU
		{ABB95200-0A4B-4DF9-AFD1-EFE024A76097}.Release|Any CPU.ActiveCfg = Release|Any CPU
		{ABB95200-0A4B-4DF9-AFD1-EFE024A76097}.Release|Any CPU.Build.0 = Release|Any CPU
	EndGlobalSection
	GlobalSection(SolutionProperties) = preSolution
		HideSolutionNode = FALSE
	EndGlobalSection
	GlobalSection(ExtensibilityGlobals) = postSolution
		SolutionGuid = {CD59AAE0-A7F0-4718-BEBB-B8DDF3640ED9}
	EndGlobalSection
EndGlobal
