
Microsoft Visual Studio Solution File, Format Version 12.00
# Visual Studio Version 16
VisualStudioVersion = 16.0.29911.84
MinimumVisualStudioVersion = 10.0.40219.1
Project("{FAE04EC0-301F-11D3-BF4B-00C04F79EFBC}") = "investment version 2 compound interest", "investment version 2 compound interest\investment version 2 compound interest.csproj", "{8AFC46A1-DB4E-4B06-8367-5C1A3B12BE10}"
EndProject
Global
	GlobalSection(SolutionConfigurationPlatforms) = preSolution
		Debug|Any CPU = Debug|Any CPU
		Release|Any CPU = Release|Any CPU
	EndGlobalSection
	GlobalSection(ProjectConfigurationPlatforms) = postSolution
		{8AFC46A1-DB4E-4B06-8367-5C1A3B12BE10}.Debug|Any CPU.ActiveCfg = Debug|Any CPU
		{8AFC46A1-DB4E-4B06-8367-5C1A3B12BE10}.Debug|Any CPU.Build.0 = Debug|Any CPU
		{8AFC46A1-DB4E-4B06-8367-5C1A3B12BE10}.Release|Any CPU.ActiveCfg = Release|Any CPU
		{8AFC46A1-DB4E-4B06-8367-5C1A3B12BE10}.Release|Any CPU.Build.0 = Release|Any CPU
	EndGlobalSection
	GlobalSection(SolutionProperties) = preSolution
		HideSolutionNode = FALSE
	EndGlobalSection
	GlobalSection(ExtensibilityGlobals) = postSolution
		SolutionGuid = {70D32B35-2EFE-47DA-88FB-2EAFD32344EC}
	EndGlobalSection
EndGlobal
