
Microsoft Visual Studio Solution File, Format Version 12.00
# Visual Studio Version 16
VisualStudioVersion = 16.0.29911.84
MinimumVisualStudioVersion = 10.0.40219.1
Project("{FAE04EC0-301F-11D3-BF4B-00C04F79EFBC}") = "GUI Trapezoid Area", "GUI Trapezoid Area\GUI Trapezoid Area.csproj", "{7DA6A69C-9185-4C19-ADB2-F542D76C1B54}"
EndProject
Global
	GlobalSection(SolutionConfigurationPlatforms) = preSolution
		Debug|Any CPU = Debug|Any CPU
		Release|Any CPU = Release|Any CPU
	EndGlobalSection
	GlobalSection(ProjectConfigurationPlatforms) = postSolution
		{7DA6A69C-9185-4C19-ADB2-F542D76C1B54}.Debug|Any CPU.ActiveCfg = Debug|Any CPU
		{7DA6A69C-9185-4C19-ADB2-F542D76C1B54}.Debug|Any CPU.Build.0 = Debug|Any CPU
		{7DA6A69C-9185-4C19-ADB2-F542D76C1B54}.Release|Any CPU.ActiveCfg = Release|Any CPU
		{7DA6A69C-9185-4C19-ADB2-F542D76C1B54}.Release|Any CPU.Build.0 = Release|Any CPU
	EndGlobalSection
	GlobalSection(SolutionProperties) = preSolution
		HideSolutionNode = FALSE
	EndGlobalSection
	GlobalSection(ExtensibilityGlobals) = postSolution
		SolutionGuid = {02B46614-8414-4827-B90D-83B787BDE77E}
	EndGlobalSection
EndGlobal
